
Microsoft Visual Studio Solution File, Format Version 12.00
# Visual Studio Version 17
VisualStudioVersion = 17.14.36221.1 d17.14
MinimumVisualStudioVersion = 10.0.40219.1
Project("{FAE04EC0-301F-11D3-BF4B-00C04F79EFBC}") = "LungDiseaseDiagnosis", "LungDiseaseDiagnosis.csproj", "{D369A760-38C9-45C4-8951-0C5A128F3485}"
EndProject
Global
	GlobalSection(SolutionConfigurationPlatforms) = preSolution
		Debug|Any CPU = Debug|Any CPU
		Release|Any CPU = Release|Any CPU
	EndGlobalSection
	GlobalSection(ProjectConfigurationPlatforms) = postSolution
		{D369A760-38C9-45C4-8951-0C5A128F3485}.Debug|Any CPU.ActiveCfg = Debug|Any CPU
		{D369A760-38C9-45C4-8951-0C5A128F3485}.Debug|Any CPU.Build.0 = Debug|Any CPU
		{D369A760-38C9-45C4-8951-0C5A128F3485}.Release|Any CPU.ActiveCfg = Release|Any CPU
		{D369A760-38C9-45C4-8951-0C5A128F3485}.Release|Any CPU.Build.0 = Release|Any CPU
	EndGlobalSection
	GlobalSection(SolutionProperties) = preSolution
		HideSolutionNode = FALSE
	EndGlobalSection
	GlobalSection(ExtensibilityGlobals) = postSolution
		SolutionGuid = {3EC23913-5995-4F9B-8FD5-04FBAEB343A0}
	EndGlobalSection
EndGlobal
